
Microsoft Visual Studio Solution File, Format Version 12.00
# Visual Studio 2015
Project("{FAE04EC0-301F-11D3-BF4B-00C04F79EFBC}") = "HoloLib.CSharp", "HoloLib.CSharp.csproj", "{0C68110D-E79D-DB8C-092F-A7C0947DAFAF}"
EndProject
Global
	GlobalSection(SolutionConfigurationPlatforms) = preSolution
		Debug|Any CPU = Debug|Any CPU
		Release|Any CPU = Release|Any CPU
	EndGlobalSection
	GlobalSection(ProjectConfigurationPlatforms) = postSolution
		{0C68110D-E79D-DB8C-092F-A7C0947DAFAF}.Debug|Any CPU.ActiveCfg = Debug|Any CPU
		{0C68110D-E79D-DB8C-092F-A7C0947DAFAF}.Debug|Any CPU.Build.0 = Debug|Any CPU
		{0C68110D-E79D-DB8C-092F-A7C0947DAFAF}.Release|Any CPU.ActiveCfg = Release|Any CPU
		{0C68110D-E79D-DB8C-092F-A7C0947DAFAF}.Release|Any CPU.Build.0 = Release|Any CPU
	EndGlobalSection
	GlobalSection(SolutionProperties) = preSolution
		HideSolutionNode = FALSE
	EndGlobalSection
EndGlobal
